// !$*UTF8*$!
{
	archiveVersion = 1;
	classes = {
	};
	objectVersion = 50;
	objects = {

/* Begin PBXBuildFile section */
		66AAAEBE28FB3CB200A3D627 /* AppDelegate.swift in Sources */ = {isa = PBXBuildFile; fileRef = 66AAAEBD28FB3CB200A3D627 /* AppDelegate.swift */; };
		66AAAEC728FB3CCA00A3D627 /* Assets.xcassets in Resources */ = {isa = PBXBuildFile; fileRef = 66AAAEC628FB3CCA00A3D627 /* Assets.xcassets */; };
		66AAAECA28FB3CCA00A3D627 /* LaunchScreen.storyboard in Resources */ = {isa = PBXBuildFile; fileRef = 66AAAEC828FB3CCA00A3D627 /* LaunchScreen.storyboard */; };
		66AAAED528FB400400A3D627 /* FileManagerServiceProtocol.swift in Sources */ = {isa = PBXBuildFile; fileRef = 66AAAED428FB400400A3D627 /* FileManagerServiceProtocol.swift */; };
		66AAAED928FB535F00A3D627 /* FileManagerService.swift in Sources */ = {isa = PBXBuildFile; fileRef = 66AAAED828FB535F00A3D627 /* FileManagerService.swift */; };
		66AAAEDC28FB6B2500A3D627 /* ViewControllerFactory.swift in Sources */ = {isa = PBXBuildFile; fileRef = 66AAAEDB28FB6B2500A3D627 /* ViewControllerFactory.swift */; };
		66EA587B2909C85C0044B8E7 /* PasswordViewController.swift in Sources */ = {isa = PBXBuildFile; fileRef = 66EA587A2909C85C0044B8E7 /* PasswordViewController.swift */; };
		66EA58802909D3D40044B8E7 /* PasswordKeychainSevice.swift in Sources */ = {isa = PBXBuildFile; fileRef = 66EA587F2909D3D40044B8E7 /* PasswordKeychainSevice.swift */; };
		66EA5888290B28C80044B8E7 /* SettingsViewController.swift in Sources */ = {isa = PBXBuildFile; fileRef = 66EA5887290B28C80044B8E7 /* SettingsViewController.swift */; };
		66EA588C290DB59C0044B8E7 /* AlertExtension.swift in Sources */ = {isa = PBXBuildFile; fileRef = 66EA588B290DB59B0044B8E7 /* AlertExtension.swift */; };
/* End PBXBuildFile section */

/* Begin PBXFileReference section */
		66AAAEBA28FB3CB200A3D627 /* Documents.app */ = {isa = PBXFileReference; explicitFileType = wrapper.application; includeInIndex = 0; path = Documents.app; sourceTree = BUILT_PRODUCTS_DIR; };
		66AAAEBD28FB3CB200A3D627 /* AppDelegate.swift */ = {isa = PBXFileReference; lastKnownFileType = sourcecode.swift; path = AppDelegate.swift; sourceTree = "<group>"; };
		66AAAEC628FB3CCA00A3D627 /* Assets.xcassets */ = {isa = PBXFileReference; lastKnownFileType = folder.assetcatalog; path = Assets.xcassets; sourceTree = "<group>"; };
		66AAAEC928FB3CCA00A3D627 /* Base */ = {isa = PBXFileReference; lastKnownFileType = file.storyboard; name = Base; path = Base.lproj/LaunchScreen.storyboard; sourceTree = "<group>"; };
		66AAAECB28FB3CCA00A3D627 /* Info.plist */ = {isa = PBXFileReference; lastKnownFileType = text.plist.xml; path = Info.plist; sourceTree = "<group>"; };
		66AAAED428FB400400A3D627 /* FileManagerServiceProtocol.swift */ = {isa = PBXFileReference; lastKnownFileType = sourcecode.swift; path = FileManagerServiceProtocol.swift; sourceTree = "<group>"; };
		66AAAED828FB535F00A3D627 /* FileManagerService.swift */ = {isa = PBXFileReference; lastKnownFileType = sourcecode.swift; path = FileManagerService.swift; sourceTree = "<group>"; };
		66AAAEDB28FB6B2500A3D627 /* ViewControllerFactory.swift */ = {isa = PBXFileReference; lastKnownFileType = sourcecode.swift; path = ViewControllerFactory.swift; sourceTree = "<group>"; };
		66EA587A2909C85C0044B8E7 /* PasswordViewController.swift */ = {isa = PBXFileReference; lastKnownFileType = sourcecode.swift; path = PasswordViewController.swift; sourceTree = "<group>"; };
		66EA587F2909D3D40044B8E7 /* PasswordKeychainSevice.swift */ = {isa = PBXFileReference; lastKnownFileType = sourcecode.swift; name = PasswordKeychainSevice.swift; path = "/Users/skaliy/Desktop/iOS/ios-homeworks/Documents/Documents/PasswordKeychainSevice.swift"; sourceTree = "<absolute>"; };
		66EA5887290B28C80044B8E7 /* SettingsViewController.swift */ = {isa = PBXFileReference; lastKnownFileType = sourcecode.swift; path = SettingsViewController.swift; sourceTree = "<group>"; };
		66EA588B290DB59B0044B8E7 /* AlertExtension.swift */ = {isa = PBXFileReference; lastKnownFileType = sourcecode.swift; path = AlertExtension.swift; sourceTree = "<group>"; };
/* End PBXFileReference section */

/* Begin PBXFrameworksBuildPhase section */
		66AAAEB728FB3CB200A3D627 /* Frameworks */ = {
			isa = PBXFrameworksBuildPhase;
			buildActionMask = 2147483647;
			files = (
			);
			runOnlyForDeploymentPostprocessing = 0;
		};
/* End PBXFrameworksBuildPhase section */

/* Begin PBXGroup section */
		66AAAEB128FB3CB200A3D627 = {
			isa = PBXGroup;
			children = (
				66AAAEBC28FB3CB200A3D627 /* Documents */,
				66AAAEBB28FB3CB200A3D627 /* Products */,
			);
			sourceTree = "<group>";
		};
		66AAAEBB28FB3CB200A3D627 /* Products */ = {
			isa = PBXGroup;
			children = (
				66AAAEBA28FB3CB200A3D627 /* Documents.app */,
			);
			name = Products;
			sourceTree = "<group>";
		};
		66AAAEBC28FB3CB200A3D627 /* Documents */ = {
			isa = PBXGroup;
			children = (
				66AAAEBD28FB3CB200A3D627 /* AppDelegate.swift */,
				66AAAEC628FB3CCA00A3D627 /* Assets.xcassets */,
				66AAAEC828FB3CCA00A3D627 /* LaunchScreen.storyboard */,
				66EA587F2909D3D40044B8E7 /* PasswordKeychainSevice.swift */,
				66AAAECB28FB3CCA00A3D627 /* Info.plist */,
				66AAAED428FB400400A3D627 /* FileManagerServiceProtocol.swift */,
				66AAAED828FB535F00A3D627 /* FileManagerService.swift */,
				66AAAEDB28FB6B2500A3D627 /* ViewControllerFactory.swift */,
				66EA587A2909C85C0044B8E7 /* PasswordViewController.swift */,
				66EA5887290B28C80044B8E7 /* SettingsViewController.swift */,
				66EA588B290DB59B0044B8E7 /* AlertExtension.swift */,
			);
			path = Documents;
			sourceTree = "<group>";
		};
/* End PBXGroup section */

/* Begin PBXNativeTarget section */
		66AAAEB928FB3CB200A3D627 /* Documents */ = {
			isa = PBXNativeTarget;
			buildConfigurationList = 66AAAECE28FB3CCA00A3D627 /* Build configuration list for PBXNativeTarget "Documents" */;
			buildPhases = (
				66AAAEB628FB3CB200A3D627 /* Sources */,
				66AAAEB728FB3CB200A3D627 /* Frameworks */,
				66AAAEB828FB3CB200A3D627 /* Resources */,
			);
			buildRules = (
			);
			dependencies = (
			);
			name = Documents;
			productName = Documents;
			productReference = 66AAAEBA28FB3CB200A3D627 /* Documents.app */;
			productType = "com.apple.product-type.application";
		};
/* End PBXNativeTarget section */

/* Begin PBXProject section */
		66AAAEB228FB3CB200A3D627 /* Project object */ = {
			isa = PBXProject;
			attributes = {
				LastSwiftUpdateCheck = 1240;
				LastUpgradeCheck = 1240;
				TargetAttributes = {
					66AAAEB928FB3CB200A3D627 = {
						CreatedOnToolsVersion = 12.4;
					};
				};
			};
			buildConfigurationList = 66AAAEB528FB3CB200A3D627 /* Build configuration list for PBXProject "Documents" */;
			compatibilityVersion = "Xcode 9.3";
			developmentRegion = en;
			hasScannedForEncodings = 0;
			knownRegions = (
				en,
				Base,
			);
			mainGroup = 66AAAEB128FB3CB200A3D627;
			productRefGroup = 66AAAEBB28FB3CB200A3D627 /* Products */;
			projectDirPath = "";
			projectRoot = "";
			targets = (
				66AAAEB928FB3CB200A3D627 /* Documents */,
			);
		};
/* End PBXProject section */

/* Begin PBXResourcesBuildPhase section */
		66AAAEB828FB3CB200A3D627 /* Resources */ = {
			isa = PBXResourcesBuildPhase;
			buildActionMask = 2147483647;
			files = (
				66AAAECA28FB3CCA00A3D627 /* LaunchScreen.storyboard in Resources */,
				66AAAEC728FB3CCA00A3D627 /* Assets.xcassets in Resources */,
			);
			runOnlyForDeploymentPostprocessing = 0;
		};
/* End PBXResourcesBuildPhase section */

/* Begin PBXSourcesBuildPhase section */
		66AAAEB628FB3CB200A3D627 /* Sources */ = {
			isa = PBXSourcesBuildPhase;
			buildActionMask = 2147483647;
			files = (
				66AAAEDC28FB6B2500A3D627 /* ViewControllerFactory.swift in Sources */,
				66EA587B2909C85C0044B8E7 /* PasswordViewController.swift in Sources */,
				66AAAED528FB400400A3D627 /* FileManagerServiceProtocol.swift in Sources */,
				66EA58802909D3D40044B8E7 /* PasswordKeychainSevice.swift in Sources */,
				66EA588C290DB59C0044B8E7 /* AlertExtension.swift in Sources */,
				66AAAEBE28FB3CB200A3D627 /* AppDelegate.swift in Sources */,
				66AAAED928FB535F00A3D627 /* FileManagerService.swift in Sources */,
				66EA5888290B28C80044B8E7 /* SettingsViewController.swift in Sources */,
			);
			runOnlyForDeploymentPostprocessing = 0;
		};
/* End PBXSourcesBuildPhase section */

/* Begin PBXVariantGroup section */
		66AAAEC828FB3CCA00A3D627 /* LaunchScreen.storyboard */ = {
			isa = PBXVariantGroup;
			children = (
				66AAAEC928FB3CCA00A3D627 /* Base */,
			);
			name = LaunchScreen.storyboard;
			sourceTree = "<group>";
		};
/* End PBXVariantGroup section */

/* Begin XCBuildConfiguration section */
		66AAAECC28FB3CCA00A3D627 /* Debug */ = {
			isa = XCBuildConfiguration;
			buildSettings = {
				ALWAYS_SEARCH_USER_PATHS = NO;
				CLANG_ANALYZER_NONNULL = YES;
				CLANG_ANALYZER_NUMBER_OBJECT_CONVERSION = YES_AGGRESSIVE;
				CLANG_CXX_LANGUAGE_STANDARD = "gnu++14";
				CLANG_CXX_LIBRARY = "libc++";
				CLANG_ENABLE_MODULES = YES;
				CLANG_ENABLE_OBJC_ARC = YES;
				CLANG_ENABLE_OBJC_WEAK = YES;
				CLANG_WARN_BLOCK_CAPTURE_AUTORELEASING = YES;
				CLANG_WARN_BOOL_CONVERSION = YES;
				CLANG_WARN_COMMA = YES;
				CLANG_WARN_CONSTANT_CONVERSION = YES;
				CLANG_WARN_DEPRECATED_OBJC_IMPLEMENTATIONS = YES;
				CLANG_WARN_DIRECT_OBJC_ISA_USAGE = YES_ERROR;
				CLANG_WARN_DOCUMENTATION_COMMENTS = YES;
				CLANG_WARN_EMPTY_BODY = YES;
				CLANG_WARN_ENUM_CONVERSION = YES;
				CLANG_WARN_INFINITE_RECURSION = YES;
				CLANG_WARN_INT_CONVERSION = YES;
				CLANG_WARN_NON_LITERAL_NULL_CONVERSION = YES;
				CLANG_WARN_OBJC_IMPLICIT_RETAIN_SELF = YES;
				CLANG_WARN_OBJC_LITERAL_CONVERSION = YES;
				CLANG_WARN_OBJC_ROOT_CLASS = YES_ERROR;
				CLANG_WARN_QUOTED_INCLUDE_IN_FRAMEWORK_HEADER = YES;
				CLANG_WARN_RANGE_LOOP_ANALYSIS = YES;
				CLANG_WARN_STRICT_PROTOTYPES = YES;
				CLANG_WARN_SUSPICIOUS_MOVE = YES;
				CLANG_WARN_UNGUARDED_AVAILABILITY = YES_AGGRESSIVE;
				CLANG_WARN_UNREACHABLE_CODE = YES;
				CLANG_WARN__DUPLICATE_METHOD_MATCH = YES;
				COPY_PHASE_STRIP = NO;
				DEBUG_INFORMATION_FORMAT = dwarf;
				ENABLE_STRICT_OBJC_MSGSEND = YES;
				ENABLE_TESTABILITY = YES;
				GCC_C_LANGUAGE_STANDARD = gnu11;
				GCC_DYNAMIC_NO_PIC = NO;
				GCC_NO_COMMON_BLOCKS = YES;
				GCC_OPTIMIZATION_LEVEL = 0;
				GCC_PREPROCESSOR_DEFINITIONS = (
					"DEBUG=1",
					"$(inherited)",
				);
				GCC_WARN_64_TO_32_BIT_CONVERSION = YES;
				GCC_WARN_ABOUT_RETURN_TYPE = YES_ERROR;
				GCC_WARN_UNDECLARED_SELECTOR = YES;
				GCC_WARN_UNINITIALIZED_AUTOS = YES_AGGRESSIVE;
				GCC_WARN_UNUSED_FUNCTION = YES;
				GCC_WARN_UNUSED_VARIABLE = YES;
				IPHONEOS_DEPLOYMENT_TARGET = 14.4;
				MTL_ENABLE_DEBUG_INFO = INCLUDE_SOURCE;
				MTL_FAST_MATH = YES;
				ONLY_ACTIVE_ARCH = YES;
				SDKROOT = iphoneos;
				SWIFT_ACTIVE_COMPILATION_CONDITIONS = DEBUG;
				SWIFT_OPTIMIZATION_LEVEL = "-Onone";
			};
			name = Debug;
		};
		66AAAECD28FB3CCA00A3D627 /* Release */ = {
			isa = XCBuildConfiguration;
			buildSettings = {
				ALWAYS_SEARCH_USER_PATHS = NO;
				CLANG_ANALYZER_NONNULL = YES;
				CLANG_ANALYZER_NUMBER_OBJECT_CONVERSION = YES_AGGRESSIVE;
				CLANG_CXX_LANGUAGE_STANDARD = "gnu++14";
				CLANG_CXX_LIBRARY = "libc++";
				CLANG_ENABLE_MODULES = YES;
				CLANG_ENABLE_OBJC_ARC = YES;
				CLANG_ENABLE_OBJC_WEAK = YES;
				CLANG_WARN_BLOCK_CAPTURE_AUTORELEASING = YES;
				CLANG_WARN_BOOL_CONVERSION = YES;
				CLANG_WARN_COMMA = YES;
				CLANG_WARN_CONSTANT_CONVERSION = YES;
				CLANG_WARN_DEPRECATED_OBJC_IMPLEMENTATIONS = YES;
				CLANG_WARN_DIRECT_OBJC_ISA_USAGE = YES_ERROR;
				CLANG_WARN_DOCUMENTATION_COMMENTS = YES;
				CLANG_WARN_EMPTY_BODY = YES;
				CLANG_WARN_ENUM_CONVERSION = YES;
				CLANG_WARN_INFINITE_RECURSION = YES;
				CLANG_WARN_INT_CONVERSION = YES;
				CLANG_WARN_NON_LITERAL_NULL_CONVERSION = YES;
				CLANG_WARN_OBJC_IMPLICIT_RETAIN_SELF = YES;
				CLANG_WARN_OBJC_LITERAL_CONVERSION = YES;
				CLANG_WARN_OBJC_ROOT_CLASS = YES_ERROR;
				CLANG_WARN_QUOTED_INCLUDE_IN_FRAMEWORK_HEADER = YES;
				CLANG_WARN_RANGE_LOOP_ANALYSIS = YES;
				CLANG_WARN_STRICT_PROTOTYPES = YES;
				CLANG_WARN_SUSPICIOUS_MOVE = YES;
				CLANG_WARN_UNGUARDED_AVAILABILITY = YES_AGGRESSIVE;
				CLANG_WARN_UNREACHABLE_CODE = YES;
				CLANG_WARN__DUPLICATE_METHOD_MATCH = YES;
				COPY_PHASE_STRIP = NO;
				DEBUG_INFORMATION_FORMAT = "dwarf-with-dsym";
				ENABLE_NS_ASSERTIONS = NO;
				ENABLE_STRICT_OBJC_MSGSEND = YES;
				GCC_C_LANGUAGE_STANDARD = gnu11;
				GCC_NO_COMMON_BLOCKS = YES;
				GCC_WARN_64_TO_32_BIT_CONVERSION = YES;
				GCC_WARN_ABOUT_RETURN_TYPE = YES_ERROR;
				GCC_WARN_UNDECLARED_SELECTOR = YES;
				GCC_WARN_UNINITIALIZED_AUTOS = YES_AGGRESSIVE;
				GCC_WARN_UNUSED_FUNCTION = YES;
				GCC_WARN_UNUSED_VARIABLE = YES;
				IPHONEOS_DEPLOYMENT_TARGET = 14.4;
				MTL_ENABLE_DEBUG_INFO = NO;
				MTL_FAST_MATH = YES;
				SDKROOT = iphoneos;
				SWIFT_COMPILATION_MODE = wholemodule;
				SWIFT_OPTIMIZATION_LEVEL = "-O";
				VALIDATE_PRODUCT = YES;
			};
			name = Release;
		};
		66AAAECF28FB3CCA00A3D627 /* Debug */ = {
			isa = XCBuildConfiguration;
			buildSettings = {
				ASSETCATALOG_COMPILER_APPICON_NAME = AppIcon;
				ASSETCATALOG_COMPILER_GLOBAL_ACCENT_COLOR_NAME = AccentColor;
				CODE_SIGN_STYLE = Automatic;
				DEVELOPMENT_TEAM = JX8TUB5V56;
				INFOPLIST_FILE = Documents/Info.plist;
				LD_RUNPATH_SEARCH_PATHS = (
					"$(inherited)",
					"@executable_path/Frameworks",
				);
				PRODUCT_BUNDLE_IDENTIFIER = Sk.Documents;
				PRODUCT_NAME = "$(TARGET_NAME)";
				SWIFT_VERSION = 5.0;
				TARGETED_DEVICE_FAMILY = "1,2";
			};
			name = Debug;
		};
		66AAAED028FB3CCA00A3D627 /* Release */ = {
			isa = XCBuildConfiguration;
			buildSettings = {
				ASSETCATALOG_COMPILER_APPICON_NAME = AppIcon;
				ASSETCATALOG_COMPILER_GLOBAL_ACCENT_COLOR_NAME = AccentColor;
				CODE_SIGN_STYLE = Automatic;
				DEVELOPMENT_TEAM = JX8TUB5V56;
				INFOPLIST_FILE = Documents/Info.plist;
				LD_RUNPATH_SEARCH_PATHS = (
					"$(inherited)",
					"@executable_path/Frameworks",
				);
				PRODUCT_BUNDLE_IDENTIFIER = Sk.Documents;
				PRODUCT_NAME = "$(TARGET_NAME)";
				SWIFT_VERSION = 5.0;
				TARGETED_DEVICE_FAMILY = "1,2";
			};
			name = Release;
		};
/* End XCBuildConfiguration section */

/* Begin XCConfigurationList section */
		66AAAEB528FB3CB200A3D627 /* Build configuration list for PBXProject "Documents" */ = {
			isa = XCConfigurationList;
			buildConfigurations = (
				66AAAECC28FB3CCA00A3D627 /* Debug */,
				66AAAECD28FB3CCA00A3D627 /* Release */,
			);
			defaultConfigurationIsVisible = 0;
			defaultConfigurationName = Release;
		};
		66AAAECE28FB3CCA00A3D627 /* Build configuration list for PBXNativeTarget "Documents" */ = {
			isa = XCConfigurationList;
			buildConfigurations = (
				66AAAECF28FB3CCA00A3D627 /* Debug */,
				66AAAED028FB3CCA00A3D627 /* Release */,
			);
			defaultConfigurationIsVisible = 0;
			defaultConfigurationName = Release;
		};
/* End XCConfigurationList section */
	};
	rootObject = 66AAAEB228FB3CB200A3D627 /* Project object */;
}
